
Microsoft Visual Studio Solution File, Format Version 12.00
# Visual Studio Version 17
VisualStudioVersion = 17.0.31903.59
MinimumVisualStudioVersion = 10.0.40219.1
Project("{2150E333-8FDC-42A3-9474-1A3956D46DE8}") = "src", "src", "{827E0CD3-B72D-47B6-A68D-7590B98EB39B}"
EndProject
Project("{FAE04EC0-301F-11D3-BF4B-00C04F79EFBC}") = "Moedim.ACA.Sessions", "src\Moedim.ACA.Sessions\Moedim.ACA.Sessions.csproj", "{343581CC-C7D2-4648-A36D-825AAB5C195F}"
EndProject
Project("{2150E333-8FDC-42A3-9474-1A3956D46DE8}") = "tests", "tests", "{0AB3BF05-4346-4AA6-1389-037BE0695223}"
EndProject
Project("{FAE04EC0-301F-11D3-BF4B-00C04F79EFBC}") = "Moedim.ACA.Sessions.Tests", "tests\Moedim.ACA.Sessions.Tests\Moedim.ACA.Sessions.Tests.csproj", "{536D50D2-4369-4BF3-919C-CAB5F6045FAA}"
EndProject
Project("{2150E333-8FDC-42A3-9474-1A3956D46DE8}") = "samples", "samples", "{5D20AA90-6969-D8BD-9DCD-8634F4692FDA}"
EndProject
Project("{FAE04EC0-301F-11D3-BF4B-00C04F79EFBC}") = "Moedim.ACA.Sessions.Sample", "samples\Moedim.ACA.Sessions.Sample\Moedim.ACA.Sessions.Sample.csproj", "{66C4709A-85FD-43AE-8AFF-02D72EEAC306}"
EndProject
Global
	GlobalSection(SolutionConfigurationPlatforms) = preSolution
		Debug|Any CPU = Debug|Any CPU
		Debug|x64 = Debug|x64
		Debug|x86 = Debug|x86
		Release|Any CPU = Release|Any CPU
		Release|x64 = Release|x64
		Release|x86 = Release|x86
	EndGlobalSection
	GlobalSection(ProjectConfigurationPlatforms) = postSolution
		{343581CC-C7D2-4648-A36D-825AAB5C195F}.Debug|Any CPU.ActiveCfg = Debug|Any CPU
		{343581CC-C7D2-4648-A36D-825AAB5C195F}.Debug|Any CPU.Build.0 = Debug|Any CPU
		{343581CC-C7D2-4648-A36D-825AAB5C195F}.Debug|x64.ActiveCfg = Debug|Any CPU
		{343581CC-C7D2-4648-A36D-825AAB5C195F}.Debug|x64.Build.0 = Debug|Any CPU
		{343581CC-C7D2-4648-A36D-825AAB5C195F}.Debug|x86.ActiveCfg = Debug|Any CPU
		{343581CC-C7D2-4648-A36D-825AAB5C195F}.Debug|x86.Build.0 = Debug|Any CPU
		{343581CC-C7D2-4648-A36D-825AAB5C195F}.Release|Any CPU.ActiveCfg = Release|Any CPU
		{343581CC-C7D2-4648-A36D-825AAB5C195F}.Release|Any CPU.Build.0 = Release|Any CPU
		{343581CC-C7D2-4648-A36D-825AAB5C195F}.Release|x64.ActiveCfg = Release|Any CPU
		{343581CC-C7D2-4648-A36D-825AAB5C195F}.Release|x64.Build.0 = Release|Any CPU
		{343581CC-C7D2-4648-A36D-825AAB5C195F}.Release|x86.ActiveCfg = Release|Any CPU
		{343581CC-C7D2-4648-A36D-825AAB5C195F}.Release|x86.Build.0 = Release|Any CPU
		{536D50D2-4369-4BF3-919C-CAB5F6045FAA}.Debug|Any CPU.ActiveCfg = Debug|Any CPU
		{536D50D2-4369-4BF3-919C-CAB5F6045FAA}.Debug|Any CPU.Build.0 = Debug|Any CPU
		{536D50D2-4369-4BF3-919C-CAB5F6045FAA}.Debug|x64.ActiveCfg = Debug|Any CPU
		{536D50D2-4369-4BF3-919C-CAB5F6045FAA}.Debug|x64.Build.0 = Debug|Any CPU
		{536D50D2-4369-4BF3-919C-CAB5F6045FAA}.Debug|x86.ActiveCfg = Debug|Any CPU
		{536D50D2-4369-4BF3-919C-CAB5F6045FAA}.Debug|x86.Build.0 = Debug|Any CPU
		{536D50D2-4369-4BF3-919C-CAB5F6045FAA}.Release|Any CPU.ActiveCfg = Release|Any CPU
		{536D50D2-4369-4BF3-919C-CAB5F6045FAA}.Release|Any CPU.Build.0 = Release|Any CPU
		{536D50D2-4369-4BF3-919C-CAB5F6045FAA}.Release|x64.ActiveCfg = Release|Any CPU
		{536D50D2-4369-4BF3-919C-CAB5F6045FAA}.Release|x64.Build.0 = Release|Any CPU
		{536D50D2-4369-4BF3-919C-CAB5F6045FAA}.Release|x86.ActiveCfg = Release|Any CPU
		{536D50D2-4369-4BF3-919C-CAB5F6045FAA}.Release|x86.Build.0 = Release|Any CPU
		{66C4709A-85FD-43AE-8AFF-02D72EEAC306}.Debug|Any CPU.ActiveCfg = Debug|Any CPU
		{66C4709A-85FD-43AE-8AFF-02D72EEAC306}.Debug|Any CPU.Build.0 = Debug|Any CPU
		{66C4709A-85FD-43AE-8AFF-02D72EEAC306}.Debug|x64.ActiveCfg = Debug|Any CPU
		{66C4709A-85FD-43AE-8AFF-02D72EEAC306}.Debug|x64.Build.0 = Debug|Any CPU
		{66C4709A-85FD-43AE-8AFF-02D72EEAC306}.Debug|x86.ActiveCfg = Debug|Any CPU
		{66C4709A-85FD-43AE-8AFF-02D72EEAC306}.Debug|x86.Build.0 = Debug|Any CPU
		{66C4709A-85FD-43AE-8AFF-02D72EEAC306}.Release|Any CPU.ActiveCfg = Release|Any CPU
		{66C4709A-85FD-43AE-8AFF-02D72EEAC306}.Release|Any CPU.Build.0 = Release|Any CPU
		{66C4709A-85FD-43AE-8AFF-02D72EEAC306}.Release|x64.ActiveCfg = Release|Any CPU
		{66C4709A-85FD-43AE-8AFF-02D72EEAC306}.Release|x64.Build.0 = Release|Any CPU
		{66C4709A-85FD-43AE-8AFF-02D72EEAC306}.Release|x86.ActiveCfg = Release|Any CPU
		{66C4709A-85FD-43AE-8AFF-02D72EEAC306}.Release|x86.Build.0 = Release|Any CPU
	EndGlobalSection
	GlobalSection(SolutionProperties) = preSolution
		HideSolutionNode = FALSE
	EndGlobalSection
	GlobalSection(NestedProjects) = preSolution
		{343581CC-C7D2-4648-A36D-825AAB5C195F} = {827E0CD3-B72D-47B6-A68D-7590B98EB39B}
		{536D50D2-4369-4BF3-919C-CAB5F6045FAA} = {0AB3BF05-4346-4AA6-1389-037BE0695223}
		{66C4709A-85FD-43AE-8AFF-02D72EEAC306} = {5D20AA90-6969-D8BD-9DCD-8634F4692FDA}
	EndGlobalSection
EndGlobal
